lockfileVersion: '6.0'

importers:

  .:
    devDependencies:
      turbo:
        specifier: ^2.4.0
        version: 2.4.0

  apps/api:
    dependencies:
      '@not-not-found/shared':
        specifier: workspace:*
        version: link:../../packages/shared

  apps/extension:
    dependencies:
      '@not-not-found/shared':
        specifier: workspace:*
        version: link:../../packages/shared

  apps/web:
    dependencies:
      '@not-not-found/shared':
        specifier: workspace:*
        version: link:../../packages/shared

  packages/shared:
    devDependencies:
      typescript:
        specifier: ^5.7.0
        version: 5.7.2

packages:

  /turbo-darwin-64@2.4.0:
    resolution: {integrity: sha512-kVMScnPUa3R4n7woNmkR15kOY0aUwCLJcUyH5UC59ggKqr5HIHwweKYK8N1pwBQso0LQF4I9i93hIzfJguCcwQ==}
    cpu: [x64]
    os: [darwin]
    requiresBuild: true
    dev: true
    optional: true

  /turbo-darwin-arm64@2.4.0:
    resolution: {integrity: sha512-8JObIpfun1guA7UlFR5jC/SOVm49lRscxMxfg5jZ5ABft79rhFC+ygN9AwAhGKv6W2DUhIh2xENkSgu4EDmUyg==}
    cpu: [arm64]
    os: [darwin]
    requiresBuild: true
    dev: true
    optional: true

  /turbo-linux-64@2.4.0:
    resolution: {integrity: sha512-xWDGGcRlBuGV7HXWAVuTY6vsQi4aZxGMAnuiuNDg8Ij1aHGohOM0RUsWMXjxz4vuJmjk9+/D6NQqHH3AJEXezg==}
    cpu: [x64]
    os: [linux]
    requiresBuild: true
    dev: true
    optional: true

  /turbo-linux-arm64@2.4.0:
    resolution: {integrity: sha512-c3En99xMguc/Pdtk/rZP53LnDdw0W6lgUc04he8r8F+UHYSNvgzHh0WGXXmCC6lGbBH72kPhhGx4bAwyvi7dug==}
    cpu: [arm64]
    os: [linux]
    requiresBuild: true
    dev: true
    optional: true

  /turbo-windows-64@2.4.0:
    resolution: {integrity: sha512-/gOORuOlyA8JDPzyA16CD3wvyRcuBFePa1URAnFUof9hXQmKxK0VvSDO79cYZFsJSchCKNJpckUS0gYxGsWwoA==}
    cpu: [x64]
    os: [win32]
    requiresBuild: true
    dev: true
    optional: true

  /turbo-windows-arm64@2.4.0:
    resolution: {integrity: sha512-/DJIdTFijEMM5LSiEpSfarDOMOlYqJV+EzmppqWtHqDsOLF4hbbIBH9sJR6OOp5dURAu5eURBYdmvBRz9Lo6TA==}
    cpu: [arm64]
    os: [win32]
    requiresBuild: true
    dev: true
    optional: true

  /turbo@2.4.0:
    resolution: {integrity: sha512-ah/yQp2oMif1X0u7fBJ4MLMygnkbKnW5O8SG6pJvloPCpHfFoZctkSVQiJ3VnvNTq71V2JJIdwmOeu1i34OQyg==}
    hasBin: true
    optionalDependencies:
      turbo-darwin-64: 2.4.0
      turbo-darwin-arm64: 2.4.0
      turbo-linux-64: 2.4.0
      turbo-linux-arm64: 2.4.0
      turbo-windows-64: 2.4.0
      turbo-windows-arm64: 2.4.0
    dev: true

  /typescript@5.7.2:
    resolution: {integrity: sha512-i5t66RHxDvVN40HfDd1PsEThGNnlMCMT3jMUuoh9/0TaqWevNontacunWyN02LA9/fIbEWlcHZcgTKb9QoaLfg==}
    engines: {node: '>=14.17'}
    hasBin: true
    dev: true
